// !$*UTF8*$!
{
	archiveVersion = 1;
	classes = {
	};
	objectVersion = 50;
	objects = {

/* Begin PBXBuildFile section */
		39A940312292F9410037A9E8 /* AppDelegate.swift in Sources */ = {isa = PBXBuildFile; fileRef = 39A940302292F9410037A9E8 /* AppDelegate.swift */; };
		39A940332292F9410037A9E8 /* ViewController.swift in Sources */ = {isa = PBXBuildFile; fileRef = 39A940322292F9410037A9E8 /* ViewController.swift */; };
		39A940362292F9410037A9E8 /* Main.storyboard in Resources */ = {isa = PBXBuildFile; fileRef = 39A940342292F9410037A9E8 /* Main.storyboard */; };
		39A940382292F9410037A9E8 /* Assets.xcassets in Resources */ = {isa = PBXBuildFile; fileRef = 39A940372292F9410037A9E8 /* Assets.xcassets */; };
		39A9403B2292F9410037A9E8 /* LaunchScreen.storyboard in Resources */ = {isa = PBXBuildFile; fileRef = 39A940392292F9410037A9E8 /* LaunchScreen.storyboard */; };
		39A940462292F9410037A9E8 /* Gesture_RecognitionTests.swift in Sources */ = {isa = PBXBuildFile; fileRef = 39A940452292F9410037A9E8 /* Gesture_RecognitionTests.swift */; };
		39A940512292F9410037A9E8 /* Gesture_RecognitionUITests.swift in Sources */ = {isa = PBXBuildFile; fileRef = 39A940502292F9410037A9E8 /* Gesture_RecognitionUITests.swift */; };
/* End PBXBuildFile section */

/* Begin PBXContainerItemProxy section */
		39A940422292F9410037A9E8 /* PBXContainerItemProxy */ = {
			isa = PBXContainerItemProxy;
			containerPortal = 39A940252292F9410037A9E8 /* Project object */;
			proxyType = 1;
			remoteGlobalIDString = 39A9402C2292F9410037A9E8;
			remoteInfo = "Gesture Recognition";
		};
		39A9404D2292F9410037A9E8 /* PBXContainerItemProxy */ = {
			isa = PBXContainerItemProxy;
			containerPortal = 39A940252292F9410037A9E8 /* Project object */;
			proxyType = 1;
			remoteGlobalIDString = 39A9402C2292F9410037A9E8;
			remoteInfo = "Gesture Recognition";
		};
/* End PBXContainerItemProxy section */

/* Begin PBXFileReference section */
		39A9402D2292F9410037A9E8 /* Gesture Recognition.app */ = {isa = PBXFileReference; explicitFileType = wrapper.application; includeInIndex = 0; path = "Gesture Recognition.app"; sourceTree = BUILT_PRODUCTS_DIR; };
		39A940302292F9410037A9E8 /* AppDelegate.swift */ = {isa = PBXFileReference; lastKnownFileType = sourcecode.swift; path = AppDelegate.swift; sourceTree = "<group>"; };
		39A940322292F9410037A9E8 /* ViewController.swift */ = {isa = PBXFileReference; lastKnownFileType = sourcecode.swift; path = ViewController.swift; sourceTree = "<group>"; };
		39A940352292F9410037A9E8 /* Base */ = {isa = PBXFileReference; lastKnownFileType = file.storyboard; name = Base; path = Base.lproj/Main.storyboard; sourceTree = "<group>"; };
		39A940372292F9410037A9E8 /* Assets.xcassets */ = {isa = PBXFileReference; lastKnownFileType = folder.assetcatalog; path = Assets.xcassets; sourceTree = "<group>"; };
		39A9403A2292F9410037A9E8 /* Base */ = {isa = PBXFileReference; lastKnownFileType = file.storyboard; name = Base; path = Base.lproj/LaunchScreen.storyboard; sourceTree = "<group>"; };
		39A9403C2292F9410037A9E8 /* Info.plist */ = {isa = PBXFileReference; lastKnownFileType = text.plist.xml; path = Info.plist; sourceTree = "<group>"; };
		39A940412292F9410037A9E8 /* Gesture RecognitionTests.xctest */ = {isa = PBXFileReference; explicitFileType = wrapper.cfbundle; includeInIndex = 0; path = "Gesture RecognitionTests.xctest"; sourceTree = BUILT_PRODUCTS_DIR; };
		39A940452292F9410037A9E8 /* Gesture_RecognitionTests.swift */ = {isa = PBXFileReference; lastKnownFileType = sourcecode.swift; path = Gesture_RecognitionTests.swift; sourceTree = "<group>"; };
		39A940472292F9410037A9E8 /* Info.plist */ = {isa = PBXFileReference; lastKnownFileType = text.plist.xml; path = Info.plist; sourceTree = "<group>"; };
		39A9404C2292F9410037A9E8 /* Gesture RecognitionUITests.xctest */ = {isa = PBXFileReference; explicitFileType = wrapper.cfbundle; includeInIndex = 0; path = "Gesture RecognitionUITests.xctest"; sourceTree = BUILT_PRODUCTS_DIR; };
		39A940502292F9410037A9E8 /* Gesture_RecognitionUITests.swift */ = {isa = PBXFileReference; lastKnownFileType = sourcecode.swift; path = Gesture_RecognitionUITests.swift; sourceTree = "<group>"; };
		39A940522292F9410037A9E8 /* Info.plist */ = {isa = PBXFileReference; lastKnownFileType = text.plist.xml; path = Info.plist; sourceTree = "<group>"; };
/* End PBXFileReference section */

/* Begin PBXFrameworksBuildPhase section */
		39A9402A2292F9410037A9E8 /* Frameworks */ = {
			isa = PBXFrameworksBuildPhase;
			buildActionMask = 2147483647;
			files = (
			);
			runOnlyForDeploymentPostprocessing = 0;
		};
		39A9403E2292F9410037A9E8 /* Frameworks */ = {
			isa = PBXFrameworksBuildPhase;
			buildActionMask = 2147483647;
			files = (
			);
			runOnlyForDeploymentPostprocessing = 0;
		};
		39A940492292F9410037A9E8 /* Frameworks */ = {
			isa = PBXFrameworksBuildPhase;
			buildActionMask = 2147483647;
			files = (
			);
			runOnlyForDeploymentPostprocessing = 0;
		};
/* End PBXFrameworksBuildPhase section */

/* Begin PBXGroup section */
		39A940242292F9410037A9E8 = {
			isa = PBXGroup;
			children = (
				39A9402F2292F9410037A9E8 /* Gesture Recognition */,
				39A940442292F9410037A9E8 /* Gesture RecognitionTests */,
				39A9404F2292F9410037A9E8 /* Gesture RecognitionUITests */,
				39A9402E2292F9410037A9E8 /* Products */,
			);
			sourceTree = "<group>";
		};
		39A9402E2292F9410037A9E8 /* Products */ = {
			isa = PBXGroup;
			children = (
				39A9402D2292F9410037A9E8 /* Gesture Recognition.app */,
				39A940412292F9410037A9E8 /* Gesture RecognitionTests.xctest */,
				39A9404C2292F9410037A9E8 /* Gesture RecognitionUITests.xctest */,
			);
			name = Products;
			sourceTree = "<group>";
		};
		39A9402F2292F9410037A9E8 /* Gesture Recognition */ = {
			isa = PBXGroup;
			children = (
				39A940302292F9410037A9E8 /* AppDelegate.swift */,
				39A940322292F9410037A9E8 /* ViewController.swift */,
				39A940342292F9410037A9E8 /* Main.storyboard */,
				39A940372292F9410037A9E8 /* Assets.xcassets */,
				39A940392292F9410037A9E8 /* LaunchScreen.storyboard */,
				39A9403C2292F9410037A9E8 /* Info.plist */,
			);
			path = "Gesture Recognition";
			sourceTree = "<group>";
		};
		39A940442292F9410037A9E8 /* Gesture RecognitionTests */ = {
			isa = PBXGroup;
			children = (
				39A940452292F9410037A9E8 /* Gesture_RecognitionTests.swift */,
				39A940472292F9410037A9E8 /* Info.plist */,
			);
			path = "Gesture RecognitionTests";
			sourceTree = "<group>";
		};
		39A9404F2292F9410037A9E8 /* Gesture RecognitionUITests */ = {
			isa = PBXGroup;
			children = (
				39A940502292F9410037A9E8 /* Gesture_RecognitionUITests.swift */,
				39A940522292F9410037A9E8 /* Info.plist */,
			);
			path = "Gesture RecognitionUITests";
			sourceTree = "<group>";
		};
/* End PBXGroup section */

/* Begin PBXNativeTarget section */
		39A9402C2292F9410037A9E8 /* Gesture Recognition */ = {
			isa = PBXNativeTarget;
			buildConfigurationList = 39A940552292F9410037A9E8 /* Build configuration list for PBXNativeTarget "Gesture Recognition" */;
			buildPhases = (
				39A940292292F9410037A9E8 /* Sources */,
				39A9402A2292F9410037A9E8 /* Frameworks */,
				39A9402B2292F9410037A9E8 /* Resources */,
			);
			buildRules = (
			);
			dependencies = (
			);
			name = "Gesture Recognition";
			productName = "Gesture Recognition";
			productReference = 39A9402D2292F9410037A9E8 /* Gesture Recognition.app */;
			productType = "com.apple.product-type.application";
		};
		39A940402292F9410037A9E8 /* Gesture RecognitionTests */ = {
			isa = PBXNativeTarget;
			buildConfigurationList = 39A940582292F9410037A9E8 /* Build configuration list for PBXNativeTarget "Gesture RecognitionTests" */;
			buildPhases = (
				39A9403D2292F9410037A9E8 /* Sources */,
				39A9403E2292F9410037A9E8 /* Frameworks */,
				39A9403F2292F9410037A9E8 /* Resources */,
			);
			buildRules = (
			);
			dependencies = (
				39A940432292F9410037A9E8 /* PBXTargetDependency */,
			);
			name = "Gesture RecognitionTests";
			productName = "Gesture RecognitionTests";
			productReference = 39A940412292F9410037A9E8 /* Gesture RecognitionTests.xctest */;
			productType = "com.apple.product-type.bundle.unit-test";
		};
		39A9404B2292F9410037A9E8 /* Gesture RecognitionUITests */ = {
			isa = PBXNativeTarget;
			buildConfigurationList = 39A9405B2292F9410037A9E8 /* Build configuration list for PBXNativeTarget "Gesture RecognitionUITests" */;
			buildPhases = (
				39A940482292F9410037A9E8 /* Sources */,
				39A940492292F9410037A9E8 /* Frameworks */,
				39A9404A2292F9410037A9E8 /* Resources */,
			);
			buildRules = (
			);
			dependencies = (
				39A9404E2292F9410037A9E8 /* PBXTargetDependency */,
			);
			name = "Gesture RecognitionUITests";
			productName = "Gesture RecognitionUITests";
			productReference = 39A9404C2292F9410037A9E8 /* Gesture RecognitionUITests.xctest */;
			productType = "com.apple.product-type.bundle.ui-testing";
		};
/* End PBXNativeTarget section */

/* Begin PBXProject section */
		39A940252292F9410037A9E8 /* Project object */ = {
			isa = PBXProject;
			attributes = {
				LastSwiftUpdateCheck = 1010;
				LastUpgradeCheck = 1010;
				ORGANIZATIONNAME = "MAC-DIN-002";
				TargetAttributes = {
					39A9402C2292F9410037A9E8 = {
						CreatedOnToolsVersion = 10.1;
					};
					39A940402292F9410037A9E8 = {
						CreatedOnToolsVersion = 10.1;
						TestTargetID = 39A9402C2292F9410037A9E8;
					};
					39A9404B2292F9410037A9E8 = {
						CreatedOnToolsVersion = 10.1;
						TestTargetID = 39A9402C2292F9410037A9E8;
					};
				};
			};
			buildConfigurationList = 39A940282292F9410037A9E8 /* Build configuration list for PBXProject "Gesture Recognition" */;
			compatibilityVersion = "Xcode 9.3";
			developmentRegion = en;
			hasScannedForEncodings = 0;
			knownRegions = (
				en,
				Base,
			);
			mainGroup = 39A940242292F9410037A9E8;
			productRefGroup = 39A9402E2292F9410037A9E8 /* Products */;
			projectDirPath = "";
			projectRoot = "";
			targets = (
				39A9402C2292F9410037A9E8 /* Gesture Recognition */,
				39A940402292F9410037A9E8 /* Gesture RecognitionTests */,
				39A9404B2292F9410037A9E8 /* Gesture RecognitionUITests */,
			);
		};
/* End PBXProject section */

/* Begin PBXResourcesBuildPhase section */
		39A9402B2292F9410037A9E8 /* Resources */ = {
			isa = PBXResourcesBuildPhase;
			buildActionMask = 2147483647;
			files = (
				39A9403B2292F9410037A9E8 /* LaunchScreen.storyboard in Resources */,
				39A940382292F9410037A9E8 /* Assets.xcassets in Resources */,
				39A940362292F9410037A9E8 /* Main.storyboard in Resources */,
			);
			runOnlyForDeploymentPostprocessing = 0;
		};
		39A9403F2292F9410037A9E8 /* Resources */ = {
			isa = PBXResourcesBuildPhase;
			buildActionMask = 2147483647;
			files = (
			);
			runOnlyForDeploymentPostprocessing = 0;
		};
		39A9404A2292F9410037A9E8 /* Resources */ = {
			isa = PBXResourcesBuildPhase;
			buildActionMask = 2147483647;
			files = (
			);
			runOnlyForDeploymentPostprocessing = 0;
		};
/* End PBXResourcesBuildPhase section */

/* Begin PBXSourcesBuildPhase section */
		39A940292292F9410037A9E8 /* Sources */ = {
			isa = PBXSourcesBuildPhase;
			buildActionMask = 2147483647;
			files = (
				39A940332292F9410037A9E8 /* ViewController.swift in Sources */,
				39A940312292F9410037A9E8 /* AppDelegate.swift in Sources */,
			);
			runOnlyForDeploymentPostprocessing = 0;
		};
		39A9403D2292F9410037A9E8 /* Sources */ = {
			isa = PBXSourcesBuildPhase;
			buildActionMask = 2147483647;
			files = (
				39A940462292F9410037A9E8 /* Gesture_RecognitionTests.swift in Sources */,
			);
			runOnlyForDeploymentPostprocessing = 0;
		};
		39A940482292F9410037A9E8 /* Sources */ = {
			isa = PBXSourcesBuildPhase;
			buildActionMask = 2147483647;
			files = (
				39A940512292F9410037A9E8 /* Gesture_RecognitionUITests.swift in Sources */,
			);
			runOnlyForDeploymentPostprocessing = 0;
		};
/* End PBXSourcesBuildPhase section */

/* Begin PBXTargetDependency section */
		39A940432292F9410037A9E8 /* PBXTargetDependency */ = {
			isa = PBXTargetDependency;
			target = 39A9402C2292F9410037A9E8 /* Gesture Recognition */;
			targetProxy = 39A940422292F9410037A9E8 /* PBXContainerItemProxy */;
		};
		39A9404E2292F9410037A9E8 /* PBXTargetDependency */ = {
			isa = PBXTargetDependency;
			target = 39A9402C2292F9410037A9E8 /* Gesture Recognition */;
			targetProxy = 39A9404D2292F9410037A9E8 /* PBXContainerItemProxy */;
		};
/* End PBXTargetDependency section */

/* Begin PBXVariantGroup section */
		39A940342292F9410037A9E8 /* Main.storyboard */ = {
			isa = PBXVariantGroup;
			children = (
				39A940352292F9410037A9E8 /* Base */,
			);
			name = Main.storyboard;
			sourceTree = "<group>";
		};
		39A940392292F9410037A9E8 /* LaunchScreen.storyboard */ = {
			isa = PBXVariantGroup;
			children = (
				39A9403A2292F9410037A9E8 /* Base */,
			);
			name = LaunchScreen.storyboard;
			sourceTree = "<group>";
		};
/* End PBXVariantGroup section */

/* Begin XCBuildConfiguration section */
		39A940532292F9410037A9E8 /* Debug */ = {
			isa = XCBuildConfiguration;
			buildSettings = {
				ALWAYS_SEARCH_USER_PATHS = NO;
				CLANG_ANALYZER_NONNULL = YES;
				CLANG_ANALYZER_NUMBER_OBJECT_CONVERSION = YES_AGGRESSIVE;
				CLANG_CXX_LANGUAGE_STANDARD = "gnu++14";
				CLANG_CXX_LIBRARY = "libc++";
				CLANG_ENABLE_MODULES = YES;
				CLANG_ENABLE_OBJC_ARC = YES;
				CLANG_ENABLE_OBJC_WEAK = YES;
				CLANG_WARN_BLOCK_CAPTURE_AUTORELEASING = YES;
				CLANG_WARN_BOOL_CONVERSION = YES;
				CLANG_WARN_COMMA = YES;
				CLANG_WARN_CONSTANT_CONVERSION = YES;
				CLANG_WARN_DEPRECATED_OBJC_IMPLEMENTATIONS = YES;
				CLANG_WARN_DIRECT_OBJC_ISA_USAGE = YES_ERROR;
				CLANG_WARN_DOCUMENTATION_COMMENTS = YES;
				CLANG_WARN_EMPTY_BODY = YES;
				CLANG_WARN_ENUM_CONVERSION = YES;
				CLANG_WARN_INFINITE_RECURSION = YES;
				CLANG_WARN_INT_CONVERSION = YES;
				CLANG_WARN_NON_LITERAL_NULL_CONVERSION = YES;
				CLANG_WARN_OBJC_IMPLICIT_RETAIN_SELF = YES;
				CLANG_WARN_OBJC_LITERAL_CONVERSION = YES;
				CLANG_WARN_OBJC_ROOT_CLASS = YES_ERROR;
				CLANG_WARN_RANGE_LOOP_ANALYSIS = YES;
				CLANG_WARN_STRICT_PROTOTYPES = YES;
				CLANG_WARN_SUSPICIOUS_MOVE = YES;
				CLANG_WARN_UNGUARDED_AVAILABILITY = YES_AGGRESSIVE;
				CLANG_WARN_UNREACHABLE_CODE = YES;
				CLANG_WARN__DUPLICATE_METHOD_MATCH = YES;
				CODE_SIGN_IDENTITY = "iPhone Developer";
				COPY_PHASE_STRIP = NO;
				DEBUG_INFORMATION_FORMAT = dwarf;
				ENABLE_STRICT_OBJC_MSGSEND = YES;
				ENABLE_TESTABILITY = YES;
				GCC_C_LANGUAGE_STANDARD = gnu11;
				GCC_DYNAMIC_NO_PIC = NO;
				GCC_NO_COMMON_BLOCKS = YES;
				GCC_OPTIMIZATION_LEVEL = 0;
				GCC_PREPROCESSOR_DEFINITIONS = (
					"DEBUG=1",
					"$(inherited)",
				);
				GCC_WARN_64_TO_32_BIT_CONVERSION = YES;
				GCC_WARN_ABOUT_RETURN_TYPE = YES_ERROR;
				GCC_WARN_UNDECLARED_SELECTOR = YES;
				GCC_WARN_UNINITIALIZED_AUTOS = YES_AGGRESSIVE;
				GCC_WARN_UNUSED_FUNCTION = YES;
				GCC_WARN_UNUSED_VARIABLE = YES;
				IPHONEOS_DEPLOYMENT_TARGET = 12.1;
				MTL_ENABLE_DEBUG_INFO = INCLUDE_SOURCE;
				MTL_FAST_MATH = YES;
				ONLY_ACTIVE_ARCH = YES;
				SDKROOT = iphoneos;
				SWIFT_ACTIVE_COMPILATION_CONDITIONS = DEBUG;
				SWIFT_OPTIMIZATION_LEVEL = "-Onone";
			};
			name = Debug;
		};
		39A940542292F9410037A9E8 /* Release */ = {
			isa = XCBuildConfiguration;
			buildSettings = {
				ALWAYS_SEARCH_USER_PATHS = NO;
				CLANG_ANALYZER_NONNULL = YES;
				CLANG_ANALYZER_NUMBER_OBJECT_CONVERSION = YES_AGGRESSIVE;
				CLANG_CXX_LANGUAGE_STANDARD = "gnu++14";
				CLANG_CXX_LIBRARY = "libc++";
				CLANG_ENABLE_MODULES = YES;
				CLANG_ENABLE_OBJC_ARC = YES;
				CLANG_ENABLE_OBJC_WEAK = YES;
				CLANG_WARN_BLOCK_CAPTURE_AUTORELEASING = YES;
				CLANG_WARN_BOOL_CONVERSION = YES;
				CLANG_WARN_COMMA = YES;
				CLANG_WARN_CONSTANT_CONVERSION = YES;
				CLANG_WARN_DEPRECATED_OBJC_IMPLEMENTATIONS = YES;
				CLANG_WARN_DIRECT_OBJC_ISA_USAGE = YES_ERROR;
				CLANG_WARN_DOCUMENTATION_COMMENTS = YES;
				CLANG_WARN_EMPTY_BODY = YES;
				CLANG_WARN_ENUM_CONVERSION = YES;
				CLANG_WARN_INFINITE_RECURSION = YES;
				CLANG_WARN_INT_CONVERSION = YES;
				CLANG_WARN_NON_LITERAL_NULL_CONVERSION = YES;
				CLANG_WARN_OBJC_IMPLICIT_RETAIN_SELF = YES;
				CLANG_WARN_OBJC_LITERAL_CONVERSION = YES;
				CLANG_WARN_OBJC_ROOT_CLASS = YES_ERROR;
				CLANG_WARN_RANGE_LOOP_ANALYSIS = YES;
				CLANG_WARN_STRICT_PROTOTYPES = YES;
				CLANG_WARN_SUSPICIOUS_MOVE = YES;
				CLANG_WARN_UNGUARDED_AVAILABILITY = YES_AGGRESSIVE;
				CLANG_WARN_UNREACHABLE_CODE = YES;
				CLANG_WARN__DUPLICATE_METHOD_MATCH = YES;
				CODE_SIGN_IDENTITY = "iPhone Developer";
				COPY_PHASE_STRIP = NO;
				DEBUG_INFORMATION_FORMAT = "dwarf-with-dsym";
				ENABLE_NS_ASSERTIONS = NO;
				ENABLE_STRICT_OBJC_MSGSEND = YES;
				GCC_C_LANGUAGE_STANDARD = gnu11;
				GCC_NO_COMMON_BLOCKS = YES;
				GCC_WARN_64_TO_32_BIT_CONVERSION = YES;
				GCC_WARN_ABOUT_RETURN_TYPE = YES_ERROR;
				GCC_WARN_UNDECLARED_SELECTOR = YES;
				GCC_WARN_UNINITIALIZED_AUTOS = YES_AGGRESSIVE;
				GCC_WARN_UNUSED_FUNCTION = YES;
				GCC_WARN_UNUSED_VARIABLE = YES;
				IPHONEOS_DEPLOYMENT_TARGET = 12.1;
				MTL_ENABLE_DEBUG_INFO = NO;
				MTL_FAST_MATH = YES;
				SDKROOT = iphoneos;
				SWIFT_COMPILATION_MODE = wholemodule;
				SWIFT_OPTIMIZATION_LEVEL = "-O";
				VALIDATE_PRODUCT = YES;
			};
			name = Release;
		};
		39A940562292F9410037A9E8 /* Debug */ = {
			isa = XCBuildConfiguration;
			buildSettings = {
				ASSETCATALOG_COMPILER_APPICON_NAME = AppIcon;
				CODE_SIGN_STYLE = Automatic;
				DEVELOPMENT_TEAM = 26ZA897QGK;
				INFOPLIST_FILE = "Gesture Recognition/Info.plist";
				LD_RUNPATH_SEARCH_PATHS = (
					"$(inherited)",
					"@executable_path/Frameworks",
				);
				PRODUCT_BUNDLE_IDENTIFIER = "fr.sesamevitale.cordonp.firstApp.Gesture-Recognition";
				PRODUCT_NAME = "$(TARGET_NAME)";
				SWIFT_VERSION = 4.2;
				TARGETED_DEVICE_FAMILY = "1,2";
			};
			name = Debug;
		};
		39A940572292F9410037A9E8 /* Release */ = {
			isa = XCBuildConfiguration;
			buildSettings = {
				ASSETCATALOG_COMPILER_APPICON_NAME = AppIcon;
				CODE_SIGN_STYLE = Automatic;
				DEVELOPMENT_TEAM = 26ZA897QGK;
				INFOPLIST_FILE = "Gesture Recognition/Info.plist";
				LD_RUNPATH_SEARCH_PATHS = (
					"$(inherited)",
					"@executable_path/Frameworks",
				);
				PRODUCT_BUNDLE_IDENTIFIER = "fr.sesamevitale.cordonp.firstApp.Gesture-Recognition";
				PRODUCT_NAME = "$(TARGET_NAME)";
				SWIFT_VERSION = 4.2;
				TARGETED_DEVICE_FAMILY = "1,2";
			};
			name = Release;
		};
		39A940592292F9410037A9E8 /* Debug */ = {
			isa = XCBuildConfiguration;
			buildSettings = {
				ALWAYS_EMBED_SWIFT_STANDARD_LIBRARIES = YES;
				BUNDLE_LOADER = "$(TEST_HOST)";
				CODE_SIGN_STYLE = Automatic;
				DEVELOPMENT_TEAM = 26ZA897QGK;
				INFOPLIST_FILE = "Gesture RecognitionTests/Info.plist";
				LD_RUNPATH_SEARCH_PATHS = (
					"$(inherited)",
					"@executable_path/Frameworks",
					"@loader_path/Frameworks",
				);
				PRODUCT_BUNDLE_IDENTIFIER = "fr.sesamevitale.cordonp.firstApp.Gesture-RecognitionTests";
				PRODUCT_NAME = "$(TARGET_NAME)";
				SWIFT_VERSION = 4.2;
				TARGETED_DEVICE_FAMILY = "1,2";
				TEST_HOST = "$(BUILT_PRODUCTS_DIR)/Gesture Recognition.app/Gesture Recognition";
			};
			name = Debug;
		};
		39A9405A2292F9410037A9E8 /* Release */ = {
			isa = XCBuildConfiguration;
			buildSettings = {
				ALWAYS_EMBED_SWIFT_STANDARD_LIBRARIES = YES;
				BUNDLE_LOADER = "$(TEST_HOST)";
				CODE_SIGN_STYLE = Automatic;
				DEVELOPMENT_TEAM = 26ZA897QGK;
				INFOPLIST_FILE = "Gesture RecognitionTests/Info.plist";
				LD_RUNPATH_SEARCH_PATHS = (
					"$(inherited)",
					"@executable_path/Frameworks",
					"@loader_path/Frameworks",
				);
				PRODUCT_BUNDLE_IDENTIFIER = "fr.sesamevitale.cordonp.firstApp.Gesture-RecognitionTests";
				PRODUCT_NAME = "$(TARGET_NAME)";
				SWIFT_VERSION = 4.2;
				TARGETED_DEVICE_FAMILY = "1,2";
				TEST_HOST = "$(BUILT_PRODUCTS_DIR)/Gesture Recognition.app/Gesture Recognition";
			};
			name = Release;
		};
		39A9405C2292F9410037A9E8 /* Debug */ = {
			isa = XCBuildConfiguration;
			buildSettings = {
				ALWAYS_EMBED_SWIFT_STANDARD_LIBRARIES = YES;
				CODE_SIGN_STYLE = Automatic;
				DEVELOPMENT_TEAM = 26ZA897QGK;
				INFOPLIST_FILE = "Gesture RecognitionUITests/Info.plist";
				LD_RUNPATH_SEARCH_PATHS = (
					"$(inherited)",
					"@executable_path/Frameworks",
					"@loader_path/Frameworks",
				);
				PRODUCT_BUNDLE_IDENTIFIER = "fr.sesamevitale.cordonp.firstApp.Gesture-RecognitionUITests";
				PRODUCT_NAME = "$(TARGET_NAME)";
				SWIFT_VERSION = 4.2;
				TARGETED_DEVICE_FAMILY = "1,2";
				TEST_TARGET_NAME = "Gesture Recognition";
			};
			name = Debug;
		};
		39A9405D2292F9410037A9E8 /* Release */ = {
			isa = XCBuildConfiguration;
			buildSettings = {
				ALWAYS_EMBED_SWIFT_STANDARD_LIBRARIES = YES;
				CODE_SIGN_STYLE = Automatic;
				DEVELOPMENT_TEAM = 26ZA897QGK;
				INFOPLIST_FILE = "Gesture RecognitionUITests/Info.plist";
				LD_RUNPATH_SEARCH_PATHS = (
					"$(inherited)",
					"@executable_path/Frameworks",
					"@loader_path/Frameworks",
				);
				PRODUCT_BUNDLE_IDENTIFIER = "fr.sesamevitale.cordonp.firstApp.Gesture-RecognitionUITests";
				PRODUCT_NAME = "$(TARGET_NAME)";
				SWIFT_VERSION = 4.2;
				TARGETED_DEVICE_FAMILY = "1,2";
				TEST_TARGET_NAME = "Gesture Recognition";
			};
			name = Release;
		};
/* End XCBuildConfiguration section */

/* Begin XCConfigurationList section */
		39A940282292F9410037A9E8 /* Build configuration list for PBXProject "Gesture Recognition" */ = {
			isa = XCConfigurationList;
			buildConfigurations = (
				39A940532292F9410037A9E8 /* Debug */,
				39A940542292F9410037A9E8 /* Release */,
			);
			defaultConfigurationIsVisible = 0;
			defaultConfigurationName = Release;
		};
		39A940552292F9410037A9E8 /* Build configuration list for PBXNativeTarget "Gesture Recognition" */ = {
			isa = XCConfigurationList;
			buildConfigurations = (
				39A940562292F9410037A9E8 /* Debug */,
				39A940572292F9410037A9E8 /* Release */,
			);
			defaultConfigurationIsVisible = 0;
			defaultConfigurationName = Release;
		};
		39A940582292F9410037A9E8 /* Build configuration list for PBXNativeTarget "Gesture RecognitionTests" */ = {
			isa = XCConfigurationList;
			buildConfigurations = (
				39A940592292F9410037A9E8 /* Debug */,
				39A9405A2292F9410037A9E8 /* Release */,
			);
			defaultConfigurationIsVisible = 0;
			defaultConfigurationName = Release;
		};
		39A9405B2292F9410037A9E8 /* Build configuration list for PBXNativeTarget "Gesture RecognitionUITests" */ = {
			isa = XCConfigurationList;
			buildConfigurations = (
				39A9405C2292F9410037A9E8 /* Debug */,
				39A9405D2292F9410037A9E8 /* Release */,
			);
			defaultConfigurationIsVisible = 0;
			defaultConfigurationName = Release;
		};
/* End XCConfigurationList section */
	};
	rootObject = 39A940252292F9410037A9E8 /* Project object */;
}
